<?xml version="1.0" encoding="utf-8"?>
<Project ToolsVersion="4.0" xmlns="http://schemas.microsoft.com/developer/msbuild/2003">
  <ItemGroup>
    <Filter Include="Source Files">
      <UniqueIdentifier>{4FC737F1-C7A5-4376-A066-2A32D752A2FF}</UniqueIdentifier>
      <Extensions>cpp;c;cc;cxx;def;odl;idl;hpj;bat;asm;asmx</Extensions>
    </Filter>
    <Filter Include="Header Files">
      <UniqueIdentifier>{93995380-89BD-4b04-88EB-625FBE52EBFB}</UniqueIdentifier>
      <Extensions>h;hh;hpp;hxx;hm;inl;inc;xsd</Extensions>
    </Filter>
    <Filter Include="Resource Files">
      <UniqueIdentifier>{67DA6AB6-F800-4c08-8B7A-83BB121AAD01}</UniqueIdentifier>
      <Extensions>rc;ico;cur;bmp;dlg;rc2;rct;bin;rgs;gif;jpg;jpeg;jpe;resx;tiff;tif;png;wav;mfcribbon-ms</Extensions>
    </Filter>
  </ItemGroup>
  <ItemGroup>
    <ClCompile Include="..\..\exec\src\gpgmp\src\Base.cpp">
      <Filter>Source Files</Filter>
    </ClCompile>
    <ClCompile Include="..\..\exec\src\gpgmp\src\Compartment.cpp">
      <Filter>Source Files</Filter>
    </ClCompile>
    <ClCompile Include="..\..\exec\src\gpgmp\src\DiffusionModel.cpp">
      <Filter>Source Files</Filter>
    </ClCompile>
    <ClCompile Include="..\..\exec\src\gpgmp\src\HomogeneousSolver.cpp">
      <Filter>Source Files</Filter>
    </ClCompile>
    <ClCompile Include="..\..\exec\src\gpgmp\src\IndividualSolver.cpp">
      <Filter>Source Files</Filter>
    </ClCompile>
    <ClCompile Include="..\..\exec\src\gpgmp\src\InhomogeneousSolver.cpp">
      <Filter>Source Files</Filter>
    </ClCompile>
    <ClCompile Include="..\..\exec\src\gpgmp\src\Kernel.cpp">
      <Filter>Source Files</Filter>
    </ClCompile>
    <ClCompile Include="..\..\exec\src\gpgmp\src\Reaction.cpp">
      <Filter>Source Files</Filter>
    </ClCompile>
    <ClCompile Include="..\..\exec\src\gpgmp\src\Solver.cpp">
      <Filter>Source Files</Filter>
    </ClCompile>
    <ClCompile Include="..\..\exec\src\gpgmp\src\Species.cpp">
      <Filter>Source Files</Filter>
    </ClCompile>
    <ClCompile Include="..\..\exec\src\gpgmp\src\win_gettimeofday.cpp">
      <Filter>Source Files</Filter>
    </ClCompile>
  </ItemGroup>
  <ItemGroup>
    <ClInclude Include="..\..\exec\src\gpgmp\src\Base.h">
      <Filter>Header Files</Filter>
    </ClInclude>
    <ClInclude Include="..\..\exec\src\gpgmp\src\cl.hpp">
      <Filter>Header Files</Filter>
    </ClInclude>
    <ClInclude Include="..\..\exec\src\gpgmp\src\Compartment.h">
      <Filter>Header Files</Filter>
    </ClInclude>
    <ClInclude Include="..\..\exec\src\gpgmp\src\DiffusionModel.h">
      <Filter>Header Files</Filter>
    </ClInclude>
    <ClInclude Include="..\..\exec\src\gpgmp\src\Globals.h">
      <Filter>Header Files</Filter>
    </ClInclude>
    <ClInclude Include="..\..\exec\src\gpgmp\src\HomogeneousSolver.h">
      <Filter>Header Files</Filter>
    </ClInclude>
    <ClInclude Include="..\..\exec\src\gpgmp\src\IndividualSolver.h">
      <Filter>Header Files</Filter>
    </ClInclude>
    <ClInclude Include="..\..\exec\src\gpgmp\src\InhomogeneousSolver.h">
      <Filter>Header Files</Filter>
    </ClInclude>
    <ClInclude Include="..\..\exec\src\gpgmp\src\Kernel.h">
      <Filter>Header Files</Filter>
    </ClInclude>
    <ClInclude Include="..\..\exec\src\gpgmp\src\Reaction.h">
      <Filter>Header Files</Filter>
    </ClInclude>
    <ClInclude Include="..\..\exec\src\gpgmp\src\Solver.h">
      <Filter>Header Files</Filter>
    </ClInclude>
    <ClInclude Include="..\..\exec\src\gpgmp\src\Species.h">
      <Filter>Header Files</Filter>
    </ClInclude>
    <ClInclude Include="..\..\exec\src\gpgmp\src\Version.h">
      <Filter>Header Files</Filter>
    </ClInclude>
    <ClInclude Include="..\..\exec\src\gpgmp\src\win_gettimeofday.h">
      <Filter>Header Files</Filter>
    </ClInclude>
  </ItemGroup>
</Project>